// !$*UTF8*$!
{
	archiveVersion = 1;
	classes = {
	};
	objectVersion = 46;
	objects = {

/* Begin PBXBuildFile section */
		979169091A21216F00F97232 /* main.m in Sources */ = {isa = PBXBuildFile; fileRef = 979169081A21216F00F97232 /* main.m */; };
		9791690C1A21216F00F97232 /* AppDelegate.m in Sources */ = {isa = PBXBuildFile; fileRef = 9791690B1A21216F00F97232 /* AppDelegate.m */; };
		9791690F1A21216F00F97232 /* ViewController.m in Sources */ = {isa = PBXBuildFile; fileRef = 9791690E1A21216F00F97232 /* ViewController.m */; };
		979169121A21216F00F97232 /* Main.storyboard in Resources */ = {isa = PBXBuildFile; fileRef = 979169101A21216F00F97232 /* Main.storyboard */; };
		979169141A21216F00F97232 /* Images.xcassets in Resources */ = {isa = PBXBuildFile; fileRef = 979169131A21216F00F97232 /* Images.xcassets */; };
		979169171A21216F00F97232 /* LaunchScreen.xib in Resources */ = {isa = PBXBuildFile; fileRef = 979169151A21216F00F97232 /* LaunchScreen.xib */; };
		979169231A21216F00F97232 /* reQuestTests.m in Sources */ = {isa = PBXBuildFile; fileRef = 979169221A21216F00F97232 /* reQuestTests.m */; };
/* End PBXBuildFile section */

/* Begin PBXContainerItemProxy section */
		9791691D1A21216F00F97232 /* PBXContainerItemProxy */ = {
			isa = PBXContainerItemProxy;
			containerPortal = 979168FB1A21216F00F97232 /* Project object */;
			proxyType = 1;
			remoteGlobalIDString = 979169021A21216F00F97232;
			remoteInfo = reQuest;
		};
/* End PBXContainerItemProxy section */

/* Begin PBXFileReference section */
		979169031A21216F00F97232 /* reQuest.app */ = {isa = PBXFileReference; explicitFileType = wrapper.application; includeInIndex = 0; path = reQuest.app; sourceTree = BUILT_PRODUCTS_DIR; };
		979169071A21216F00F97232 /* Info.plist */ = {isa = PBXFileReference; lastKnownFileType = text.plist.xml; path = Info.plist; sourceTree = "<group>"; };
		979169081A21216F00F97232 /* main.m */ = {isa = PBXFileReference; lastKnownFileType = sourcecode.c.objc; path = main.m; sourceTree = "<group>"; };
		9791690A1A21216F00F97232 /* AppDelegate.h */ = {isa = PBXFileReference; lastKnownFileType = sourcecode.c.h; path = AppDelegate.h; sourceTree = "<group>"; };
		9791690B1A21216F00F97232 /* AppDelegate.m */ = {isa = PBXFileReference; lastKnownFileType = sourcecode.c.objc; path = AppDelegate.m; sourceTree = "<group>"; };
		9791690D1A21216F00F97232 /* ViewController.h */ = {isa = PBXFileReference; lastKnownFileType = sourcecode.c.h; path = ViewController.h; sourceTree = "<group>"; };
		9791690E1A21216F00F97232 /* ViewController.m */ = {isa = PBXFileReference; lastKnownFileType = sourcecode.c.objc; path = ViewController.m; sourceTree = "<group>"; };
		979169111A21216F00F97232 /* Base */ = {isa = PBXFileReference; lastKnownFileType = file.storyboard; name = Base; path = Base.lproj/Main.storyboard; sourceTree = "<group>"; };
		979169131A21216F00F97232 /* Images.xcassets */ = {isa = PBXFileReference; lastKnownFileType = folder.assetcatalog; path = Images.xcassets; sourceTree = "<group>"; };
		979169161A21216F00F97232 /* Base */ = {isa = PBXFileReference; lastKnownFileType = file.xib; name = Base; path = Base.lproj/LaunchScreen.xib; sourceTree = "<group>"; };
		9791691C1A21216F00F97232 /* reQuestTests.xctest */ = {isa = PBXFileReference; explicitFileType = wrapper.cfbundle; includeInIndex = 0; path = reQuestTests.xctest; sourceTree = BUILT_PRODUCTS_DIR; };
		979169211A21216F00F97232 /* Info.plist */ = {isa = PBXFileReference; lastKnownFileType = text.plist.xml; path = Info.plist; sourceTree = "<group>"; };
		979169221A21216F00F97232 /* reQuestTests.m */ = {isa = PBXFileReference; lastKnownFileType = sourcecode.c.objc; path = reQuestTests.m; sourceTree = "<group>"; };
/* End PBXFileReference section */

/* Begin PBXFrameworksBuildPhase section */
		979169001A21216F00F97232 /* Frameworks */ = {
			isa = PBXFrameworksBuildPhase;
			buildActionMask = 2147483647;
			files = (
			);
			runOnlyForDeploymentPostprocessing = 0;
		};
		979169191A21216F00F97232 /* Frameworks */ = {
			isa = PBXFrameworksBuildPhase;
			buildActionMask = 2147483647;
			files = (
			);
			runOnlyForDeploymentPostprocessing = 0;
		};
/* End PBXFrameworksBuildPhase section */

/* Begin PBXGroup section */
		979168FA1A21216F00F97232 = {
			isa = PBXGroup;
			children = (
				979169051A21216F00F97232 /* reQuest */,
				9791691F1A21216F00F97232 /* reQuestTests */,
				979169041A21216F00F97232 /* Products */,
			);
			sourceTree = "<group>";
		};
		979169041A21216F00F97232 /* Products */ = {
			isa = PBXGroup;
			children = (
				979169031A21216F00F97232 /* reQuest.app */,
				9791691C1A21216F00F97232 /* reQuestTests.xctest */,
			);
			name = Products;
			sourceTree = "<group>";
		};
		979169051A21216F00F97232 /* reQuest */ = {
			isa = PBXGroup;
			children = (
				9791690A1A21216F00F97232 /* AppDelegate.h */,
				9791690B1A21216F00F97232 /* AppDelegate.m */,
				9791690D1A21216F00F97232 /* ViewController.h */,
				9791690E1A21216F00F97232 /* ViewController.m */,
				979169101A21216F00F97232 /* Main.storyboard */,
				979169131A21216F00F97232 /* Images.xcassets */,
				979169151A21216F00F97232 /* LaunchScreen.xib */,
				979169061A21216F00F97232 /* Supporting Files */,
			);
			path = reQuest;
			sourceTree = "<group>";
		};
		979169061A21216F00F97232 /* Supporting Files */ = {
			isa = PBXGroup;
			children = (
				979169071A21216F00F97232 /* Info.plist */,
				979169081A21216F00F97232 /* main.m */,
			);
			name = "Supporting Files";
			sourceTree = "<group>";
		};
		9791691F1A21216F00F97232 /* reQuestTests */ = {
			isa = PBXGroup;
			children = (
				979169221A21216F00F97232 /* reQuestTests.m */,
				979169201A21216F00F97232 /* Supporting Files */,
			);
			path = reQuestTests;
			sourceTree = "<group>";
		};
		979169201A21216F00F97232 /* Supporting Files */ = {
			isa = PBXGroup;
			children = (
				979169211A21216F00F97232 /* Info.plist */,
			);
			name = "Supporting Files";
			sourceTree = "<group>";
		};
/* End PBXGroup section */

/* Begin PBXNativeTarget section */
		979169021A21216F00F97232 /* reQuest */ = {
			isa = PBXNativeTarget;
			buildConfigurationList = 979169261A21216F00F97232 /* Build configuration list for PBXNativeTarget "reQuest" */;
			buildPhases = (
				979168FF1A21216F00F97232 /* Sources */,
				979169001A21216F00F97232 /* Frameworks */,
				979169011A21216F00F97232 /* Resources */,
			);
			buildRules = (
			);
			dependencies = (
			);
			name = reQuest;
			productName = reQuest;
			productReference = 979169031A21216F00F97232 /* reQuest.app */;
			productType = "com.apple.product-type.application";
		};
		9791691B1A21216F00F97232 /* reQuestTests */ = {
			isa = PBXNativeTarget;
			buildConfigurationList = 979169291A21216F00F97232 /* Build configuration list for PBXNativeTarget "reQuestTests" */;
			buildPhases = (
				979169181A21216F00F97232 /* Sources */,
				979169191A21216F00F97232 /* Frameworks */,
				9791691A1A21216F00F97232 /* Resources */,
			);
			buildRules = (
			);
			dependencies = (
				9791691E1A21216F00F97232 /* PBXTargetDependency */,
			);
			name = reQuestTests;
			productName = reQuestTests;
			productReference = 9791691C1A21216F00F97232 /* reQuestTests.xctest */;
			productType = "com.apple.product-type.bundle.unit-test";
		};
/* End PBXNativeTarget section */

/* Begin PBXProject section */
		979168FB1A21216F00F97232 /* Project object */ = {
			isa = PBXProject;
			attributes = {
				LastUpgradeCheck = 0610;
				ORGANIZATIONNAME = "Vinu Ilangovan";
				TargetAttributes = {
					979169021A21216F00F97232 = {
						CreatedOnToolsVersion = 6.1;
					};
					9791691B1A21216F00F97232 = {
						CreatedOnToolsVersion = 6.1;
						TestTargetID = 979169021A21216F00F97232;
					};
				};
			};
			buildConfigurationList = 979168FE1A21216F00F97232 /* Build configuration list for PBXProject "reQuest" */;
			compatibilityVersion = "Xcode 3.2";
			developmentRegion = English;
			hasScannedForEncodings = 0;
			knownRegions = (
				en,
				Base,
			);
			mainGroup = 979168FA1A21216F00F97232;
			productRefGroup = 979169041A21216F00F97232 /* Products */;
			projectDirPath = "";
			projectRoot = "";
			targets = (
				979169021A21216F00F97232 /* reQuest */,
				9791691B1A21216F00F97232 /* reQuestTests */,
			);
		};
/* End PBXProject section */

/* Begin PBXResourcesBuildPhase section */
		979169011A21216F00F97232 /* Resources */ = {
			isa = PBXResourcesBuildPhase;
			buildActionMask = 2147483647;
			files = (
				979169121A21216F00F97232 /* Main.storyboard in Resources */,
				979169171A21216F00F97232 /* LaunchScreen.xib in Resources */,
				979169141A21216F00F97232 /* Images.xcassets in Resources */,
			);
			runOnlyForDeploymentPostprocessing = 0;
		};
		9791691A1A21216F00F97232 /* Resources */ = {
			isa = PBXResourcesBuildPhase;
			buildActionMask = 2147483647;
			files = (
			);
			runOnlyForDeploymentPostprocessing = 0;
		};
/* End PBXResourcesBuildPhase section */

/* Begin PBXSourcesBuildPhase section */
		979168FF1A21216F00F97232 /* Sources */ = {
			isa = PBXSourcesBuildPhase;
			buildActionMask = 2147483647;
			files = (
				9791690F1A21216F00F97232 /* ViewController.m in Sources */,
				9791690C1A21216F00F97232 /* AppDelegate.m in Sources */,
				979169091A21216F00F97232 /* main.m in Sources */,
			);
			runOnlyForDeploymentPostprocessing = 0;
		};
		979169181A21216F00F97232 /* Sources */ = {
			isa = PBXSourcesBuildPhase;
			buildActionMask = 2147483647;
			files = (
				979169231A21216F00F97232 /* reQuestTests.m in Sources */,
			);
			runOnlyForDeploymentPostprocessing = 0;
		};
/* End PBXSourcesBuildPhase section */

/* Begin PBXTargetDependency section */
		9791691E1A21216F00F97232 /* PBXTargetDependency */ = {
			isa = PBXTargetDependency;
			target = 979169021A21216F00F97232 /* reQuest */;
			targetProxy = 9791691D1A21216F00F97232 /* PBXContainerItemProxy */;
		};
/* End PBXTargetDependency section */

/* Begin PBXVariantGroup section */
		979169101A21216F00F97232 /* Main.storyboard */ = {
			isa = PBXVariantGroup;
			children = (
				979169111A21216F00F97232 /* Base */,
			);
			name = Main.storyboard;
			sourceTree = "<group>";
		};
		979169151A21216F00F97232 /* LaunchScreen.xib */ = {
			isa = PBXVariantGroup;
			children = (
				979169161A21216F00F97232 /* Base */,
			);
			name = LaunchScreen.xib;
			sourceTree = "<group>";
		};
/* End PBXVariantGroup section */

/* Begin XCBuildConfiguration section */
		979169241A21216F00F97232 /* Debug */ = {
			isa = XCBuildConfiguration;
			buildSettings = {
				ALWAYS_SEARCH_USER_PATHS = NO;
				CLANG_CXX_LANGUAGE_STANDARD = "gnu++0x";
				CLANG_CXX_LIBRARY = "libc++";
				CLANG_ENABLE_MODULES = YES;
				CLANG_ENABLE_OBJC_ARC = YES;
				CLANG_WARN_BOOL_CONVERSION = YES;
				CLANG_WARN_CONSTANT_CONVERSION = YES;
				CLANG_WARN_DIRECT_OBJC_ISA_USAGE = YES_ERROR;
				CLANG_WARN_EMPTY_BODY = YES;
				CLANG_WARN_ENUM_CONVERSION = YES;
				CLANG_WARN_INT_CONVERSION = YES;
				CLANG_WARN_OBJC_ROOT_CLASS = YES_ERROR;
				CLANG_WARN_UNREACHABLE_CODE = YES;
				CLANG_WARN__DUPLICATE_METHOD_MATCH = YES;
				"CODE_SIGN_IDENTITY[sdk=iphoneos*]" = "iPhone Developer";
				COPY_PHASE_STRIP = NO;
				ENABLE_STRICT_OBJC_MSGSEND = YES;
				GCC_C_LANGUAGE_STANDARD = gnu99;
				GCC_DYNAMIC_NO_PIC = NO;
				GCC_OPTIMIZATION_LEVEL = 0;
				GCC_PREPROCESSOR_DEFINITIONS = (
					"DEBUG=1",
					"$(inherited)",
				);
				GCC_SYMBOLS_PRIVATE_EXTERN = NO;
				GCC_WARN_64_TO_32_BIT_CONVERSION = YES;
				GCC_WARN_ABOUT_RETURN_TYPE = YES_ERROR;
				GCC_WARN_UNDECLARED_SELECTOR = YES;
				GCC_WARN_UNINITIALIZED_AUTOS = YES_AGGRESSIVE;
				GCC_WARN_UNUSED_FUNCTION = YES;
				GCC_WARN_UNUSED_VARIABLE = YES;
				IPHONEOS_DEPLOYMENT_TARGET = 8.1;
				MTL_ENABLE_DEBUG_INFO = YES;
				ONLY_ACTIVE_ARCH = YES;
				SDKROOT = iphoneos;
				TARGETED_DEVICE_FAMILY = "1,2";
			};
			name = Debug;
		};
		979169251A21216F00F97232 /* Release */ = {
			isa = XCBuildConfiguration;
			buildSettings = {
				ALWAYS_SEARCH_USER_PATHS = NO;
				CLANG_CXX_LANGUAGE_STANDARD = "gnu++0x";
				CLANG_CXX_LIBRARY = "libc++";
				CLANG_ENABLE_MODULES = YES;
				CLANG_ENABLE_OBJC_ARC = YES;
				CLANG_WARN_BOOL_CONVERSION = YES;
				CLANG_WARN_CONSTANT_CONVERSION = YES;
				CLANG_WARN_DIRECT_OBJC_ISA_USAGE = YES_ERROR;
				CLANG_WARN_EMPTY_BODY = YES;
				CLANG_WARN_ENUM_CONVERSION = YES;
				CLANG_WARN_INT_CONVERSION = YES;
				CLANG_WARN_OBJC_ROOT_CLASS = YES_ERROR;
				CLANG_WARN_UNREACHABLE_CODE = YES;
				CLANG_WARN__DUPLICATE_METHOD_MATCH = YES;
				"CODE_SIGN_IDENTITY[sdk=iphoneos*]" = "iPhone Developer";
				COPY_PHASE_STRIP = YES;
				ENABLE_NS_ASSERTIONS = NO;
				ENABLE_STRICT_OBJC_MSGSEND = YES;
				GCC_C_LANGUAGE_STANDARD = gnu99;
				GCC_WARN_64_TO_32_BIT_CONVERSION = YES;
				GCC_WARN_ABOUT_RETURN_TYPE = YES_ERROR;
				GCC_WARN_UNDECLARED_SELECTOR = YES;
				GCC_WARN_UNINITIALIZED_AUTOS = YES_AGGRESSIVE;
				GCC_WARN_UNUSED_FUNCTION = YES;
				GCC_WARN_UNUSED_VARIABLE = YES;
				IPHONEOS_DEPLOYMENT_TARGET = 8.1;
				MTL_ENABLE_DEBUG_INFO = NO;
				SDKROOT = iphoneos;
				TARGETED_DEVICE_FAMILY = "1,2";
				VALIDATE_PRODUCT = YES;
			};
			name = Release;
		};
		979169271A21216F00F97232 /* Debug */ = {
			isa = XCBuildConfiguration;
			buildSettings = {
				ASSETCATALOG_COMPILER_APPICON_NAME = AppIcon;
				INFOPLIST_FILE = reQuest/Info.plist;
				LD_RUNPATH_SEARCH_PATHS = "$(inherited) @executable_path/Frameworks";
				PRODUCT_NAME = "$(TARGET_NAME)";
			};
			name = Debug;
		};
		979169281A21216F00F97232 /* Release */ = {
			isa = XCBuildConfiguration;
			buildSettings = {
				ASSETCATALOG_COMPILER_APPICON_NAME = AppIcon;
				INFOPLIST_FILE = reQuest/Info.plist;
				LD_RUNPATH_SEARCH_PATHS = "$(inherited) @executable_path/Frameworks";
				PRODUCT_NAME = "$(TARGET_NAME)";
			};
			name = Release;
		};
		9791692A1A21216F00F97232 /* Debug */ = {
			isa = XCBuildConfiguration;
			buildSettings = {
				BUNDLE_LOADER = "$(TEST_HOST)";
				FRAMEWORK_SEARCH_PATHS = (
					"$(SDKROOT)/Developer/Library/Frameworks",
					"$(inherited)",
				);
				GCC_PREPROCESSOR_DEFINITIONS = (
					"DEBUG=1",
					"$(inherited)",
				);
				INFOPLIST_FILE = reQuestTests/Info.plist;
				LD_RUNPATH_SEARCH_PATHS = "$(inherited) @executable_path/Frameworks @loader_path/Frameworks";
				PRODUCT_NAME = "$(TARGET_NAME)";
				TEST_HOST = "$(BUILT_PRODUCTS_DIR)/reQuest.app/reQuest";
			};
			name = Debug;
		};
		9791692B1A21216F00F97232 /* Release */ = {
			isa = XCBuildConfiguration;
			buildSettings = {
				BUNDLE_LOADER = "$(TEST_HOST)";
				FRAMEWORK_SEARCH_PATHS = (
					"$(SDKROOT)/Developer/Library/Frameworks",
					"$(inherited)",
				);
				INFOPLIST_FILE = reQuestTests/Info.plist;
				LD_RUNPATH_SEARCH_PATHS = "$(inherited) @executable_path/Frameworks @loader_path/Frameworks";
				PRODUCT_NAME = "$(TARGET_NAME)";
				TEST_HOST = "$(BUILT_PRODUCTS_DIR)/reQuest.app/reQuest";
			};
			name = Release;
		};
/* End XCBuildConfiguration section */

/* Begin XCConfigurationList section */
		979168FE1A21216F00F97232 /* Build configuration list for PBXProject "reQuest" */ = {
			isa = XCConfigurationList;
			buildConfigurations = (
				979169241A21216F00F97232 /* Debug */,
				979169251A21216F00F97232 /* Release */,
			);
			defaultConfigurationIsVisible = 0;
			defaultConfigurationName = Release;
		};
		979169261A21216F00F97232 /* Build configuration list for PBXNativeTarget "reQuest" */ = {
			isa = XCConfigurationList;
			buildConfigurations = (
				979169271A21216F00F97232 /* Debug */,
				979169281A21216F00F97232 /* Release */,
			);
			defaultConfigurationIsVisible = 0;
		};
		979169291A21216F00F97232 /* Build configuration list for PBXNativeTarget "reQuestTests" */ = {
			isa = XCConfigurationList;
			buildConfigurations = (
				9791692A1A21216F00F97232 /* Debug */,
				9791692B1A21216F00F97232 /* Release */,
			);
			defaultConfigurationIsVisible = 0;
		};
/* End XCConfigurationList section */
	};
	rootObject = 979168FB1A21216F00F97232 /* Project object */;
}
